schema: '2.0'
stages:
  data_cleaning:
    cmd: python src/data/data_cleaning.py
    deps:
    - path: data/raw/swiggy.csv
      hash: md5
      md5: 0b050b37dfe6cfbfaa18d7cb4e454377
      size: 7772212
    - path: src/data/data_cleaning.py
      hash: md5
      md5: eac874507db5f4aec60930cc9cfc7cb0
      size: 9459
    outs:
    - path: data/cleaned/swiggy_cleaned.csv
      hash: md5
      md5: 4918716e52fc57babdcd400dfb3c3f29
      size: 4508527
  data_preparation:
    cmd: python src/data/data_preparation.py
    deps:
    - path: data/cleaned/swiggy_cleaned.csv
      hash: md5
      md5: 4918716e52fc57babdcd400dfb3c3f29
      size: 4508527
    - path: src/data/data_preparation.py
      hash: md5
      md5: 743ed4eb273711f04b72f5b9b9ba5ee6
      size: 3010
    params:
      params.yaml:
        Data_Preparation.random_state: 42
        Data_Preparation.test_size: 0.2
    outs:
    - path: data/interim/test.csv
      hash: md5
      md5: 20172ab330931a534fcb3fb75bf1b77a
      size: 901132
    - path: data/interim/train.csv
      hash: md5
      md5: 08e8f74451482dfdf2f472e94acb5993
      size: 3604437
  data_preprocessing:
    cmd: python src/features/data_preprocessing.py
    deps:
    - path: data/interim/test.csv
      hash: md5
      md5: 20172ab330931a534fcb3fb75bf1b77a
      size: 901132
    - path: data/interim/train.csv
      hash: md5
      md5: 08e8f74451482dfdf2f472e94acb5993
      size: 3604437
    - path: src/features/data_preprocessing.py
      hash: md5
      md5: 7694b0d9e79c99bc1da15e0f0ad31472
      size: 6897
    outs:
    - path: data/processed/test_trans.csv
      hash: md5
      md5: 2519c7291782edca74e688cc944df5b9
      size: 1089313
    - path: data/processed/train_trans.csv
      hash: md5
      md5: 0d2f47751596e1c0f6bffbf7bb582a07
      size: 4329420
    - path: models/preprocessor.joblib
      hash: md5
      md5: 39eed2c18a2c836dc033c080cc94a094
      size: 8394
