schema: '2.0'
stages:
  data_cleaning:
    cmd: python src/data/data_cleaning.py
    deps:
    - path: data/raw/swiggy.csv
      hash: md5
      md5: 0b050b37dfe6cfbfaa18d7cb4e454377
      size: 7772212
    - path: src/data/data_cleaning.py
      hash: md5
      md5: eac874507db5f4aec60930cc9cfc7cb0
      size: 9459
    outs:
    - path: data/cleaned/swiggy_cleaned.csv
      hash: md5
      md5: 4918716e52fc57babdcd400dfb3c3f29
      size: 4508527
  data_preparation:
    cmd: python src/data/data_preparation.py
    deps:
    - path: data/cleaned/swiggy_cleaned.csv
      hash: md5
      md5: 4918716e52fc57babdcd400dfb3c3f29
      size: 4508527
    - path: src/data/data_preparation.py
      hash: md5
      md5: 743ed4eb273711f04b72f5b9b9ba5ee6
      size: 3010
    params:
      params.yaml:
        Data_Preparation.random_state: 2
        Data_Preparation.test_size: 0.2
    outs:
    - path: data/interim/test.csv
      hash: md5
      md5: 6aaebf43cad37b2e22bf38d3a4e6eb8e
      size: 901115
    - path: data/interim/train.csv
      hash: md5
      md5: 2d0207400da6a6bf759dee731ec7a612
      size: 3604454
  data_preprocessing:
    cmd: python src/features/data_preprocessing.py
    deps:
    - path: data/interim/test.csv
      hash: md5
      md5: 6aaebf43cad37b2e22bf38d3a4e6eb8e
      size: 901115
    - path: data/interim/train.csv
      hash: md5
      md5: 2d0207400da6a6bf759dee731ec7a612
      size: 3604454
    - path: src/features/data_preprocessing.py
      hash: md5
      md5: 7694b0d9e79c99bc1da15e0f0ad31472
      size: 6897
    outs:
    - path: data/processed/test_trans.csv
      hash: md5
      md5: fd106ff74a8b43824191a729ffa17fc1
      size: 1087472
    - path: data/processed/train_trans.csv
      hash: md5
      md5: 165b8f538d96b02b291a4e093ddbba3f
      size: 4331261
    - path: models/preprocessor.joblib
      hash: md5
      md5: 214f3c1b382716963189cd264977297c
      size: 8401
  train:
    cmd: python src/models/train.py
    deps:
    - path: data/processed/train_trans.csv
      hash: md5
      md5: 165b8f538d96b02b291a4e093ddbba3f
      size: 4331261
    - path: src/models/train.py
      hash: md5
      md5: aabad798e43f804902acf6b643b0a6b1
      size: 4878
    params:
      params.yaml:
        Train.LightGBM:
          n_estimators: 154
          max_depth: 27
          learning_rate: 0.22234435854395157
          subsample: 0.7592213724048168
          min_child_weight: 20
          min_split_gain: 0.004604680609280751
          reg_lambda: 97.81002379097947
          n_jobs: -1
        Train.Random_Forest:
          n_estimators: 479
          criterion: squared_error
          max_depth: 17
          max_features: 1
          min_samples_split: 9
          min_samples_leaf: 2
          max_samples: 0.6603673526197066
          verbose: 1
          n_jobs: -1
    outs:
    - path: models/model.joblib
      hash: md5
      md5: f35e6a777a89de52d0b1e1cf1b661712
      size: 158029080
    - path: models/power_transformer.joblib
      hash: md5
      md5: 9d470461967e51645f0159b22076f9de
      size: 837
    - path: models/stacking_regressor.joblib
      hash: md5
      md5: f1dda59cc3fcc5350441e2cb14a66312
      size: 158017530
  evaluation:
    cmd: python src/models/evaluation.py
    deps:
    - path: data/processed/test_trans.csv
      hash: md5
      md5: fd106ff74a8b43824191a729ffa17fc1
      size: 1087472
    - path: data/processed/train_trans.csv
      hash: md5
      md5: 165b8f538d96b02b291a4e093ddbba3f
      size: 4331261
    - path: models/model.joblib
      hash: md5
      md5: f35e6a777a89de52d0b1e1cf1b661712
      size: 158029080
    - path: src/models/evaluation.py
      hash: md5
      md5: 6167e24b2ae99be534ce799bc839e8e0
      size: 6072
  register_model:
    cmd: python src/models/register_model.py
    deps:
    - path: run_information.json
      hash: md5
      md5: 9c24cdfc1aa39e87f79a01dec35ec465
      size: 220
    - path: src/models/register_model.py
      hash: md5
      md5: d9ec8f44ed4f4c552391b8c447741fde
      size: 2186
